
Microsoft Visual Studio Solution File, Format Version 12.00
# Visual Studio Version 16
VisualStudioVersion = 16.0.29709.97
MinimumVisualStudioVersion = 10.0.40219.1
Project("{FAE04EC0-301F-11D3-BF4B-00C04F79EFBC}") = "HumanResources.WebApi", "HumanResources.WebApi\HumanResources.WebApi.csproj", "{15F236F5-6A3F-49DA-8517-B0ADCED7B52F}"
EndProject
Project("{FAE04EC0-301F-11D3-BF4B-00C04F79EFBC}") = "HumanResources.DataAccess", "HumanResources.DataAccess\HumanResources.DataAccess.csproj", "{752C04AF-5A94-4DB1-A4CA-748B0750090A}"
EndProject
Project("{FAE04EC0-301F-11D3-BF4B-00C04F79EFBC}") = "HumanResources.WebReact", "HumanResources.WebReact\HumanResources.WebReact.csproj", "{8E446ACA-02C5-4F18-9919-D97EBBCCECFF}"
EndProject
Global
	GlobalSection(SolutionConfigurationPlatforms) = preSolution
		Debug|Any CPU = Debug|Any CPU
		Release|Any CPU = Release|Any CPU
	EndGlobalSection
	GlobalSection(ProjectConfigurationPlatforms) = postSolution
		{15F236F5-6A3F-49DA-8517-B0ADCED7B52F}.Debug|Any CPU.ActiveCfg = Debug|Any CPU
		{15F236F5-6A3F-49DA-8517-B0ADCED7B52F}.Debug|Any CPU.Build.0 = Debug|Any CPU
		{15F236F5-6A3F-49DA-8517-B0ADCED7B52F}.Release|Any CPU.ActiveCfg = Release|Any CPU
		{15F236F5-6A3F-49DA-8517-B0ADCED7B52F}.Release|Any CPU.Build.0 = Release|Any CPU
		{752C04AF-5A94-4DB1-A4CA-748B0750090A}.Debug|Any CPU.ActiveCfg = Debug|Any CPU
		{752C04AF-5A94-4DB1-A4CA-748B0750090A}.Debug|Any CPU.Build.0 = Debug|Any CPU
		{752C04AF-5A94-4DB1-A4CA-748B0750090A}.Release|Any CPU.ActiveCfg = Release|Any CPU
		{752C04AF-5A94-4DB1-A4CA-748B0750090A}.Release|Any CPU.Build.0 = Release|Any CPU
		{8E446ACA-02C5-4F18-9919-D97EBBCCECFF}.Debug|Any CPU.ActiveCfg = Debug|Any CPU
		{8E446ACA-02C5-4F18-9919-D97EBBCCECFF}.Debug|Any CPU.Build.0 = Debug|Any CPU
		{8E446ACA-02C5-4F18-9919-D97EBBCCECFF}.Release|Any CPU.ActiveCfg = Release|Any CPU
		{8E446ACA-02C5-4F18-9919-D97EBBCCECFF}.Release|Any CPU.Build.0 = Release|Any CPU
	EndGlobalSection
	GlobalSection(SolutionProperties) = preSolution
		HideSolutionNode = FALSE
	EndGlobalSection
	GlobalSection(ExtensibilityGlobals) = postSolution
		SolutionGuid = {AC76584C-4672-45D8-9AA8-A5CC04876EDE}
	EndGlobalSection
EndGlobal
